
Microsoft Visual Studio Solution File, Format Version 12.00
# Visual Studio Version 16
VisualStudioVersion = 16.0.29613.14
MinimumVisualStudioVersion = 10.0.40219.1
Project("{FAE04EC0-301F-11D3-BF4B-00C04F79EFBC}") = "WebApplication1", "WebApplication1\WebApplication1.csproj", "{E268EB98-BD38-482F-AB0C-4BF1D52859FE}"
EndProject
Global
	GlobalSection(SolutionConfigurationPlatforms) = preSolution
		Debug|Any CPU = Debug|Any CPU
		Release|Any CPU = Release|Any CPU
	EndGlobalSection
	GlobalSection(ProjectConfigurationPlatforms) = postSolution
		{E268EB98-BD38-482F-AB0C-4BF1D52859FE}.Debug|Any CPU.ActiveCfg = Debug|Any CPU
		{E268EB98-BD38-482F-AB0C-4BF1D52859FE}.Debug|Any CPU.Build.0 = Debug|Any CPU
		{E268EB98-BD38-482F-AB0C-4BF1D52859FE}.Release|Any CPU.ActiveCfg = Release|Any CPU
		{E268EB98-BD38-482F-AB0C-4BF1D52859FE}.Release|Any CPU.Build.0 = Release|Any CPU
	EndGlobalSection
	GlobalSection(SolutionProperties) = preSolution
		HideSolutionNode = FALSE
	EndGlobalSection
	GlobalSection(ExtensibilityGlobals) = postSolution
		SolutionGuid = {CF4F50C3-69F8-4C3A-8F18-498B0621B4F4}
	EndGlobalSection
EndGlobal
